
Microsoft Visual Studio Solution File, Format Version 12.00
# Visual Studio Version 16
VisualStudioVersion = 16.0.29709.97
MinimumVisualStudioVersion = 10.0.40219.1
Project("{9A19103F-16F7-4668-BE54-9A1E7A4F7556}") = "RaspiFanController", "RaspiFanController\RaspiFanController.csproj", "{2695BB9A-81A2-48B6-9D08-B325D492E194}"
EndProject
Project("{FAE04EC0-301F-11D3-BF4B-00C04F79EFBC}") = "Tests", "Tests\Tests.csproj", "{04CFD6CC-5A58-43B2-8751-23ADB6CA1DF3}"
EndProject
Global
	GlobalSection(SolutionConfigurationPlatforms) = preSolution
		Debug|Any CPU = Debug|Any CPU
		Release|Any CPU = Release|Any CPU
	EndGlobalSection
	GlobalSection(ProjectConfigurationPlatforms) = postSolution
		{2695BB9A-81A2-48B6-9D08-B325D492E194}.Debug|Any CPU.ActiveCfg = Debug|Any CPU
		{2695BB9A-81A2-48B6-9D08-B325D492E194}.Debug|Any CPU.Build.0 = Debug|Any CPU
		{2695BB9A-81A2-48B6-9D08-B325D492E194}.Release|Any CPU.ActiveCfg = Release|Any CPU
		{2695BB9A-81A2-48B6-9D08-B325D492E194}.Release|Any CPU.Build.0 = Release|Any CPU
		{04CFD6CC-5A58-43B2-8751-23ADB6CA1DF3}.Debug|Any CPU.ActiveCfg = Debug|Any CPU
		{04CFD6CC-5A58-43B2-8751-23ADB6CA1DF3}.Debug|Any CPU.Build.0 = Debug|Any CPU
		{04CFD6CC-5A58-43B2-8751-23ADB6CA1DF3}.Release|Any CPU.ActiveCfg = Release|Any CPU
		{04CFD6CC-5A58-43B2-8751-23ADB6CA1DF3}.Release|Any CPU.Build.0 = Release|Any CPU
	EndGlobalSection
	GlobalSection(SolutionProperties) = preSolution
		HideSolutionNode = FALSE
	EndGlobalSection
	GlobalSection(ExtensibilityGlobals) = postSolution
		SolutionGuid = {AE7D9687-A96B-4DBD-BA32-006E28A36EEF}
	EndGlobalSection
EndGlobal
